
Microsoft Visual Studio Solution File, Format Version 12.00
# Visual Studio Version 16
VisualStudioVersion = 16.0.30611.23
MinimumVisualStudioVersion = 10.0.40219.1
Project("{888888A0-9F3D-457C-B088-3A5042F75D52}") = "IdealistaScraper", "IdealistaScraper.pyproj", "{7B542AD6-3953-4096-8ECC-649FF3031941}"
EndProject
Global
	GlobalSection(SolutionConfigurationPlatforms) = preSolution
		Debug|Any CPU = Debug|Any CPU
		Release|Any CPU = Release|Any CPU
	EndGlobalSection
	GlobalSection(ProjectConfigurationPlatforms) = postSolution
		{7B542AD6-3953-4096-8ECC-649FF3031941}.Debug|Any CPU.ActiveCfg = Debug|Any CPU
		{7B542AD6-3953-4096-8ECC-649FF3031941}.Release|Any CPU.ActiveCfg = Release|Any CPU
	EndGlobalSection
	GlobalSection(SolutionProperties) = preSolution
		HideSolutionNode = FALSE
	EndGlobalSection
	GlobalSection(ExtensibilityGlobals) = postSolution
		SolutionGuid = {E7863B78-60D6-4B75-8E43-A9E900EB3EA8}
	EndGlobalSection
EndGlobal
